
Microsoft Visual Studio Solution File, Format Version 12.00
# Visual Studio 16
Project("{FAE04EC0-301F-11D3-BF4B-00C04F79EFBC}") = "Assembly-CSharp", "Assembly-CSharp.csproj", "{F4EE3DC8-D882-9F6A-AAE6-13BA5F53085D}"
EndProject
Project("{FAE04EC0-301F-11D3-BF4B-00C04F79EFBC}") = "Assembly-CSharp-Editor", "Assembly-CSharp-Editor.csproj", "{C50FEDEC-0687-832F-EE4C-68DAF14A4FFD}"
EndProject
Global
	GlobalSection(SolutionConfigurationPlatforms) = preSolution
		Debug|Any CPU = Debug|Any CPU
		Release|Any CPU = Release|Any CPU
	EndGlobalSection
	GlobalSection(ProjectConfigurationPlatforms) = postSolution
		{F4EE3DC8-D882-9F6A-AAE6-13BA5F53085D}.Debug|Any CPU.ActiveCfg = Debug|Any CPU
		{F4EE3DC8-D882-9F6A-AAE6-13BA5F53085D}.Debug|Any CPU.Build.0 = Debug|Any CPU
		{F4EE3DC8-D882-9F6A-AAE6-13BA5F53085D}.Release|Any CPU.ActiveCfg = Release|Any CPU
		{F4EE3DC8-D882-9F6A-AAE6-13BA5F53085D}.Release|Any CPU.Build.0 = Release|Any CPU
		{C50FEDEC-0687-832F-EE4C-68DAF14A4FFD}.Debug|Any CPU.ActiveCfg = Debug|Any CPU
		{C50FEDEC-0687-832F-EE4C-68DAF14A4FFD}.Debug|Any CPU.Build.0 = Debug|Any CPU
		{C50FEDEC-0687-832F-EE4C-68DAF14A4FFD}.Release|Any CPU.ActiveCfg = Release|Any CPU
		{C50FEDEC-0687-832F-EE4C-68DAF14A4FFD}.Release|Any CPU.Build.0 = Release|Any CPU
	EndGlobalSection
	GlobalSection(SolutionProperties) = preSolution
		HideSolutionNode = FALSE
	EndGlobalSection
EndGlobal
